# THIS IS AN AUTOGENERATED FILE. DO NOT EDIT THIS FILE DIRECTLY.
# yarn lockfile v1


"@types/node@^8.0.22":
  version "8.0.22"
  resolved "https://registry.yarnpkg.com/@types/node/-/node-8.0.22.tgz#9c6bfee1f45f5e9952ff6b487e657ecca48c7777"

"@types/ramda@^0.24.7":
  version "0.24.7"
  resolved "https://registry.yarnpkg.com/@types/ramda/-/ramda-0.24.7.tgz#4d3c3696e019acd63486e1119f1067c9d59da8e8"

ramda@^0.24.1:
  version "0.24.1"
  resolved "https://registry.yarnpkg.com/ramda/-/ramda-0.24.1.tgz#c3b7755197f35b8dc3502228262c4c91ddb6b857"

typescript@^2.4.2:
  version "2.4.2"
  resolved "https://registry.yarnpkg.com/typescript/-/typescript-2.4.2.tgz#f8395f85d459276067c988aa41837a8f82870844"
